
Microsoft Visual Studio Solution File, Format Version 12.00
# Visual Studio Version 16
VisualStudioVersion = 16.0.29613.14
MinimumVisualStudioVersion = 10.0.40219.1
Project("{FAE04EC0-301F-11D3-BF4B-00C04F79EFBC}") = "CVFiller", "CVFiller\CVFiller.csproj", "{783F58A3-7716-4CF1-9E3B-C4B67289E53A}"
EndProject
Global
	GlobalSection(SolutionConfigurationPlatforms) = preSolution
		Debug|Any CPU = Debug|Any CPU
		Release|Any CPU = Release|Any CPU
	EndGlobalSection
	GlobalSection(ProjectConfigurationPlatforms) = postSolution
		{783F58A3-7716-4CF1-9E3B-C4B67289E53A}.Debug|Any CPU.ActiveCfg = Debug|Any CPU
		{783F58A3-7716-4CF1-9E3B-C4B67289E53A}.Debug|Any CPU.Build.0 = Debug|Any CPU
		{783F58A3-7716-4CF1-9E3B-C4B67289E53A}.Release|Any CPU.ActiveCfg = Release|Any CPU
		{783F58A3-7716-4CF1-9E3B-C4B67289E53A}.Release|Any CPU.Build.0 = Release|Any CPU
	EndGlobalSection
	GlobalSection(SolutionProperties) = preSolution
		HideSolutionNode = FALSE
	EndGlobalSection
	GlobalSection(ExtensibilityGlobals) = postSolution
		SolutionGuid = {7B212DDB-EBC7-4F8B-B391-5D5DD0D24E45}
	EndGlobalSection
EndGlobal
